
Microsoft Visual Studio Solution File, Format Version 12.00
# Visual Studio Version 16
VisualStudioVersion = 16.0.31129.286
MinimumVisualStudioVersion = 10.0.40219.1
Project("{FAE04EC0-301F-11D3-BF4B-00C04F79EFBC}") = "dio-cadastroSeries", "dio-cadastroSeries\dio-cadastroSeries.csproj", "{24638169-E7FE-4E69-96FC-74A05B896971}"
EndProject
Global
	GlobalSection(SolutionConfigurationPlatforms) = preSolution
		Debug|Any CPU = Debug|Any CPU
		Release|Any CPU = Release|Any CPU
	EndGlobalSection
	GlobalSection(ProjectConfigurationPlatforms) = postSolution
		{24638169-E7FE-4E69-96FC-74A05B896971}.Debug|Any CPU.ActiveCfg = Debug|Any CPU
		{24638169-E7FE-4E69-96FC-74A05B896971}.Debug|Any CPU.Build.0 = Debug|Any CPU
		{24638169-E7FE-4E69-96FC-74A05B896971}.Release|Any CPU.ActiveCfg = Release|Any CPU
		{24638169-E7FE-4E69-96FC-74A05B896971}.Release|Any CPU.Build.0 = Release|Any CPU
	EndGlobalSection
	GlobalSection(SolutionProperties) = preSolution
		HideSolutionNode = FALSE
	EndGlobalSection
	GlobalSection(ExtensibilityGlobals) = postSolution
		SolutionGuid = {2E23DDC9-898F-4DF9-898B-476E6B1E517D}
	EndGlobalSection
EndGlobal
